// !$*UTF8*$!
{
	archiveVersion = 1;
	classes = {
	};
	objectVersion = 55;
	objects = {

/* Begin PBXBuildFile section */
		273A32A327A08AD900FB0B0E /* Date+Extension.swift in Sources */ = {isa = PBXBuildFile; fileRef = 273A32A227A08AD900FB0B0E /* Date+Extension.swift */; };
		27522ED227970C2000C7874E /* AppDelegate.swift in Sources */ = {isa = PBXBuildFile; fileRef = 27522ED127970C2000C7874E /* AppDelegate.swift */; };
		27522ED427970C2000C7874E /* SceneDelegate.swift in Sources */ = {isa = PBXBuildFile; fileRef = 27522ED327970C2000C7874E /* SceneDelegate.swift */; };
		27522EDB27970C2300C7874E /* Assets.xcassets in Resources */ = {isa = PBXBuildFile; fileRef = 27522EDA27970C2300C7874E /* Assets.xcassets */; };
		27522EDE27970C2300C7874E /* LaunchScreen.storyboard in Resources */ = {isa = PBXBuildFile; fileRef = 27522EDC27970C2300C7874E /* LaunchScreen.storyboard */; };
		27522EEB2797160D00C7874E /* PhoneAuthViewController.swift in Sources */ = {isa = PBXBuildFile; fileRef = 27522EEA2797160D00C7874E /* PhoneAuthViewController.swift */; };
		27522EED279716E200C7874E /* BaseViewController.swift in Sources */ = {isa = PBXBuildFile; fileRef = 27522EEC279716E200C7874E /* BaseViewController.swift */; };
		27522EF02797173100C7874E /* SnapKit in Frameworks */ = {isa = PBXBuildFile; productRef = 27522EEF2797173100C7874E /* SnapKit */; };
		27522EF32797176200C7874E /* Alamofire in Frameworks */ = {isa = PBXBuildFile; productRef = 27522EF22797176200C7874E /* Alamofire */; };
		27522EF62797178B00C7874E /* RxCocoa in Frameworks */ = {isa = PBXBuildFile; productRef = 27522EF52797178B00C7874E /* RxCocoa */; };
		27522EF82797178B00C7874E /* RxSwift in Frameworks */ = {isa = PBXBuildFile; productRef = 27522EF72797178B00C7874E /* RxSwift */; };
		27522EFB279717AB00C7874E /* IQKeyboardManagerSwift in Frameworks */ = {isa = PBXBuildFile; productRef = 27522EFA279717AB00C7874E /* IQKeyboardManagerSwift */; };
		27522F002797253B00C7874E /* UIColor+Extension.swift in Sources */ = {isa = PBXBuildFile; fileRef = 27522EFF2797253B00C7874E /* UIColor+Extension.swift */; };
		27522F0227972F9600C7874E /* UIFont+Extension.swift in Sources */ = {isa = PBXBuildFile; fileRef = 27522F0127972F9600C7874E /* UIFont+Extension.swift */; };
		27522F05279731AC00C7874E /* NotoSansCJKkr-Regular.otf in Resources */ = {isa = PBXBuildFile; fileRef = 27522F03279731AA00C7874E /* NotoSansCJKkr-Regular.otf */; };
		27522F06279731AC00C7874E /* NotoSansCJKkr-Medium.otf in Resources */ = {isa = PBXBuildFile; fileRef = 27522F04279731AB00C7874E /* NotoSansCJKkr-Medium.otf */; };
		27540B532797ED7200BA6416 /* CustomTextFields.swift in Sources */ = {isa = PBXBuildFile; fileRef = 27540B522797ED7200BA6416 /* CustomTextFields.swift */; };
		27540B552797F1F900BA6416 /* CALayer+Extension.swift in Sources */ = {isa = PBXBuildFile; fileRef = 27540B542797F1F900BA6416 /* CALayer+Extension.swift */; };
		27540B5B2799578D00BA6416 /* SkyFloatingLabelTextField in Frameworks */ = {isa = PBXBuildFile; productRef = 27540B5A2799578D00BA6416 /* SkyFloatingLabelTextField */; };
		27540B5D27997B5600BA6416 /* Exception.swift in Sources */ = {isa = PBXBuildFile; fileRef = 27540B5C27997B5600BA6416 /* Exception.swift */; };
		27540B602799C19F00BA6416 /* AnyFormatKit in Frameworks */ = {isa = PBXBuildFile; productRef = 27540B5F2799C19F00BA6416 /* AnyFormatKit */; };
		27540B622799C31F00BA6416 /* UITextField+Extension.swift in Sources */ = {isa = PBXBuildFile; fileRef = 27540B612799C31F00BA6416 /* UITextField+Extension.swift */; };
		27540B652799D3BC00BA6416 /* Toast in Frameworks */ = {isa = PBXBuildFile; productRef = 27540B642799D3BC00BA6416 /* Toast */; };
		27540B682799D86100BA6416 /* MessageAuthViewController.swift in Sources */ = {isa = PBXBuildFile; fileRef = 27540B672799D86100BA6416 /* MessageAuthViewController.swift */; };
		27540B6A2799EB3B00BA6416 /* UINavigationController+Extension.swift in Sources */ = {isa = PBXBuildFile; fileRef = 27540B692799EB3B00BA6416 /* UINavigationController+Extension.swift */; };
		2757905E279DC2E400B845D8 /* UserDefault.swift in Sources */ = {isa = PBXBuildFile; fileRef = 2757905D279DC2E400B845D8 /* UserDefault.swift */; };
		27579061279EBABE00B845D8 /* DateFormatter.swift in Sources */ = {isa = PBXBuildFile; fileRef = 27579060279EBABE00B845D8 /* DateFormatter.swift */; };
		2782D94C279AFD4A00369B68 /* HomeViewController.swift in Sources */ = {isa = PBXBuildFile; fileRef = 2782D94B279AFD4A00369B68 /* HomeViewController.swift */; };
		2788B9F727A06DA1007472D5 /* Constants.swift in Sources */ = {isa = PBXBuildFile; fileRef = 2788B9F627A06DA1007472D5 /* Constants.swift */; };
		279F1985279B253C001AAC15 /* GoogleService-Info.plist in Resources */ = {isa = PBXBuildFile; fileRef = 279F1984279B253C001AAC15 /* GoogleService-Info.plist */; };
		27CBE4662797448F008290BE /* CustomButtons.swift in Sources */ = {isa = PBXBuildFile; fileRef = 27CBE4652797448F008290BE /* CustomButtons.swift */; };
		27CE5201279D58CE00972D3E /* JGProgressHUD in Frameworks */ = {isa = PBXBuildFile; productRef = 27CE5200279D58CE00972D3E /* JGProgressHUD */; };
		27CE5203279D5EB000972D3E /* NickNameViewController.swift in Sources */ = {isa = PBXBuildFile; fileRef = 27CE5202279D5EB000972D3E /* NickNameViewController.swift */; };
		27CE5206279DA66E00972D3E /* BirthViewController.swift in Sources */ = {isa = PBXBuildFile; fileRef = 27CE5205279DA66D00972D3E /* BirthViewController.swift */; };
		27CE5208279DA67B00972D3E /* EmailViewController.swift in Sources */ = {isa = PBXBuildFile; fileRef = 27CE5207279DA67B00972D3E /* EmailViewController.swift */; };
		27CE520A279DA68C00972D3E /* GenderViewController.swift in Sources */ = {isa = PBXBuildFile; fileRef = 27CE5209279DA68C00972D3E /* GenderViewController.swift */; };
		27D19AAA279C71ED0001CFFE /* ServerService.swift in Sources */ = {isa = PBXBuildFile; fileRef = 27D19AA9279C71ED0001CFFE /* ServerService.swift */; };
		27D19AAC279C73760001CFFE /* Model.swift in Sources */ = {isa = PBXBuildFile; fileRef = 27D19AAB279C73760001CFFE /* Model.swift */; };
		27D19AAE279C788F0001CFFE /* BaseURLInfo.plist in Resources */ = {isa = PBXBuildFile; fileRef = 27D19AAD279C788F0001CFFE /* BaseURLInfo.plist */; };
		27D19AB0279C79800001CFFE /* Bundle+Extension.swift in Sources */ = {isa = PBXBuildFile; fileRef = 27D19AAF279C797F0001CFFE /* Bundle+Extension.swift */; };
		27D19AB3279CA1BD0001CFFE /* SwiftyJSON in Frameworks */ = {isa = PBXBuildFile; productRef = 27D19AB2279CA1BD0001CFFE /* SwiftyJSON */; };
		27D735B527A4788800300E8C /* TabBarController.swift in Sources */ = {isa = PBXBuildFile; fileRef = 27D735B427A4788800300E8C /* TabBarController.swift */; };
		27D735B727A4797D00300E8C /* ShopViewController.swift in Sources */ = {isa = PBXBuildFile; fileRef = 27D735B627A4797D00300E8C /* ShopViewController.swift */; };
		27D735B927A479A400300E8C /* FriendsViewController.swift in Sources */ = {isa = PBXBuildFile; fileRef = 27D735B827A479A400300E8C /* FriendsViewController.swift */; };
		27D735BB27A479D600300E8C /* MyInformationViewController.swift in Sources */ = {isa = PBXBuildFile; fileRef = 27D735BA27A479D600300E8C /* MyInformationViewController.swift */; };
		27D735C527A681EB00300E8C /* splash_logo.png in Resources */ = {isa = PBXBuildFile; fileRef = 27D735C427A681EB00300E8C /* splash_logo.png */; };
		27D735C727A6825100300E8C /* splash_text.png in Resources */ = {isa = PBXBuildFile; fileRef = 27D735C627A6825100300E8C /* splash_text.png */; };
		27D735FB27A9844300300E8C /* MyInformationManagementViewController.swift in Sources */ = {isa = PBXBuildFile; fileRef = 27D735FA27A9844200300E8C /* MyInformationManagementViewController.swift */; };
		A6E83BCE4923A7B7FEB5CF38 /* Pods_SeSAC_Friends.framework in Frameworks */ = {isa = PBXBuildFile; fileRef = 8678C6833A190C98A8DDB6E3 /* Pods_SeSAC_Friends.framework */; };
/* End PBXBuildFile section */

/* Begin PBXFileReference section */
		273A32A227A08AD900FB0B0E /* Date+Extension.swift */ = {isa = PBXFileReference; lastKnownFileType = sourcecode.swift; path = "Date+Extension.swift"; sourceTree = "<group>"; };
		27522ECE27970C2000C7874E /* SeSAC_Friends.app */ = {isa = PBXFileReference; explicitFileType = wrapper.application; includeInIndex = 0; path = SeSAC_Friends.app; sourceTree = BUILT_PRODUCTS_DIR; };
		27522ED127970C2000C7874E /* AppDelegate.swift */ = {isa = PBXFileReference; lastKnownFileType = sourcecode.swift; path = AppDelegate.swift; sourceTree = "<group>"; };
		27522ED327970C2000C7874E /* SceneDelegate.swift */ = {isa = PBXFileReference; lastKnownFileType = sourcecode.swift; path = SceneDelegate.swift; sourceTree = "<group>"; };
		27522EDA27970C2300C7874E /* Assets.xcassets */ = {isa = PBXFileReference; lastKnownFileType = folder.assetcatalog; path = Assets.xcassets; sourceTree = "<group>"; };
		27522EDD27970C2300C7874E /* Base */ = {isa = PBXFileReference; lastKnownFileType = file.storyboard; name = Base; path = Base.lproj/LaunchScreen.storyboard; sourceTree = "<group>"; };
		27522EDF27970C2300C7874E /* Info.plist */ = {isa = PBXFileReference; lastKnownFileType = text.plist.xml; path = Info.plist; sourceTree = "<group>"; };
		27522EEA2797160D00C7874E /* PhoneAuthViewController.swift */ = {isa = PBXFileReference; lastKnownFileType = sourcecode.swift; path = PhoneAuthViewController.swift; sourceTree = "<group>"; };
		27522EEC279716E200C7874E /* BaseViewController.swift */ = {isa = PBXFileReference; lastKnownFileType = sourcecode.swift; path = BaseViewController.swift; sourceTree = "<group>"; };
		27522EFF2797253B00C7874E /* UIColor+Extension.swift */ = {isa = PBXFileReference; lastKnownFileType = sourcecode.swift; path = "UIColor+Extension.swift"; sourceTree = "<group>"; };
		27522F0127972F9600C7874E /* UIFont+Extension.swift */ = {isa = PBXFileReference; lastKnownFileType = sourcecode.swift; path = "UIFont+Extension.swift"; sourceTree = "<group>"; };
		27522F03279731AA00C7874E /* NotoSansCJKkr-Regular.otf */ = {isa = PBXFileReference; lastKnownFileType = file; path = "NotoSansCJKkr-Regular.otf"; sourceTree = "<group>"; };
		27522F04279731AB00C7874E /* NotoSansCJKkr-Medium.otf */ = {isa = PBXFileReference; lastKnownFileType = file; path = "NotoSansCJKkr-Medium.otf"; sourceTree = "<group>"; };
		27540B522797ED7200BA6416 /* CustomTextFields.swift */ = {isa = PBXFileReference; lastKnownFileType = sourcecode.swift; path = CustomTextFields.swift; sourceTree = "<group>"; };
		27540B542797F1F900BA6416 /* CALayer+Extension.swift */ = {isa = PBXFileReference; lastKnownFileType = sourcecode.swift; path = "CALayer+Extension.swift"; sourceTree = "<group>"; };
		27540B5C27997B5600BA6416 /* Exception.swift */ = {isa = PBXFileReference; lastKnownFileType = sourcecode.swift; path = Exception.swift; sourceTree = "<group>"; };
		27540B612799C31F00BA6416 /* UITextField+Extension.swift */ = {isa = PBXFileReference; lastKnownFileType = sourcecode.swift; path = "UITextField+Extension.swift"; sourceTree = "<group>"; };
		27540B672799D86100BA6416 /* MessageAuthViewController.swift */ = {isa = PBXFileReference; lastKnownFileType = sourcecode.swift; path = MessageAuthViewController.swift; sourceTree = "<group>"; };
		27540B692799EB3B00BA6416 /* UINavigationController+Extension.swift */ = {isa = PBXFileReference; lastKnownFileType = sourcecode.swift; path = "UINavigationController+Extension.swift"; sourceTree = "<group>"; };
		2757905D279DC2E400B845D8 /* UserDefault.swift */ = {isa = PBXFileReference; lastKnownFileType = sourcecode.swift; path = UserDefault.swift; sourceTree = "<group>"; };
		27579060279EBABE00B845D8 /* DateFormatter.swift */ = {isa = PBXFileReference; lastKnownFileType = sourcecode.swift; path = DateFormatter.swift; sourceTree = "<group>"; };
		275A99383C1CC719AF68D849 /* Pods-SeSAC_Friends.release.xcconfig */ = {isa = PBXFileReference; includeInIndex = 1; lastKnownFileType = text.xcconfig; name = "Pods-SeSAC_Friends.release.xcconfig"; path = "Target Support Files/Pods-SeSAC_Friends/Pods-SeSAC_Friends.release.xcconfig"; sourceTree = "<group>"; };
		2782D94B279AFD4A00369B68 /* HomeViewController.swift */ = {isa = PBXFileReference; lastKnownFileType = sourcecode.swift; path = HomeViewController.swift; sourceTree = "<group>"; };
		2788B9F627A06DA1007472D5 /* Constants.swift */ = {isa = PBXFileReference; lastKnownFileType = sourcecode.swift; path = Constants.swift; sourceTree = "<group>"; };
		279F1984279B253C001AAC15 /* GoogleService-Info.plist */ = {isa = PBXFileReference; fileEncoding = 4; lastKnownFileType = text.plist.xml; path = "GoogleService-Info.plist"; sourceTree = "<group>"; };
		27CBE4652797448F008290BE /* CustomButtons.swift */ = {isa = PBXFileReference; lastKnownFileType = sourcecode.swift; path = CustomButtons.swift; sourceTree = "<group>"; };
		27CE5202279D5EB000972D3E /* NickNameViewController.swift */ = {isa = PBXFileReference; lastKnownFileType = sourcecode.swift; path = NickNameViewController.swift; sourceTree = "<group>"; };
		27CE5205279DA66D00972D3E /* BirthViewController.swift */ = {isa = PBXFileReference; lastKnownFileType = sourcecode.swift; path = BirthViewController.swift; sourceTree = "<group>"; };
		27CE5207279DA67B00972D3E /* EmailViewController.swift */ = {isa = PBXFileReference; lastKnownFileType = sourcecode.swift; path = EmailViewController.swift; sourceTree = "<group>"; };
		27CE5209279DA68C00972D3E /* GenderViewController.swift */ = {isa = PBXFileReference; lastKnownFileType = sourcecode.swift; path = GenderViewController.swift; sourceTree = "<group>"; };
		27D19AA9279C71ED0001CFFE /* ServerService.swift */ = {isa = PBXFileReference; lastKnownFileType = sourcecode.swift; path = ServerService.swift; sourceTree = "<group>"; };
		27D19AAB279C73760001CFFE /* Model.swift */ = {isa = PBXFileReference; lastKnownFileType = sourcecode.swift; path = Model.swift; sourceTree = "<group>"; };
		27D19AAD279C788F0001CFFE /* BaseURLInfo.plist */ = {isa = PBXFileReference; lastKnownFileType = text.plist.xml; path = BaseURLInfo.plist; sourceTree = "<group>"; };
		27D19AAF279C797F0001CFFE /* Bundle+Extension.swift */ = {isa = PBXFileReference; lastKnownFileType = sourcecode.swift; path = "Bundle+Extension.swift"; sourceTree = "<group>"; };
		27D735B427A4788800300E8C /* TabBarController.swift */ = {isa = PBXFileReference; lastKnownFileType = sourcecode.swift; path = TabBarController.swift; sourceTree = "<group>"; };
		27D735B627A4797D00300E8C /* ShopViewController.swift */ = {isa = PBXFileReference; lastKnownFileType = sourcecode.swift; path = ShopViewController.swift; sourceTree = "<group>"; };
		27D735B827A479A400300E8C /* FriendsViewController.swift */ = {isa = PBXFileReference; lastKnownFileType = sourcecode.swift; path = FriendsViewController.swift; sourceTree = "<group>"; };
		27D735BA27A479D600300E8C /* MyInformationViewController.swift */ = {isa = PBXFileReference; lastKnownFileType = sourcecode.swift; path = MyInformationViewController.swift; sourceTree = "<group>"; };
		27D735C427A681EB00300E8C /* splash_logo.png */ = {isa = PBXFileReference; lastKnownFileType = image.png; path = splash_logo.png; sourceTree = "<group>"; };
		27D735C627A6825100300E8C /* splash_text.png */ = {isa = PBXFileReference; lastKnownFileType = image.png; path = splash_text.png; sourceTree = "<group>"; };
		27D735FA27A9844200300E8C /* MyInformationManagementViewController.swift */ = {isa = PBXFileReference; lastKnownFileType = sourcecode.swift; path = MyInformationManagementViewController.swift; sourceTree = "<group>"; };
		8678C6833A190C98A8DDB6E3 /* Pods_SeSAC_Friends.framework */ = {isa = PBXFileReference; explicitFileType = wrapper.framework; includeInIndex = 0; path = Pods_SeSAC_Friends.framework; sourceTree = BUILT_PRODUCTS_DIR; };
		A78E6C0363EE460721ED57A4 /* Pods-SeSAC_Friends.debug.xcconfig */ = {isa = PBXFileReference; includeInIndex = 1; lastKnownFileType = text.xcconfig; name = "Pods-SeSAC_Friends.debug.xcconfig"; path = "Target Support Files/Pods-SeSAC_Friends/Pods-SeSAC_Friends.debug.xcconfig"; sourceTree = "<group>"; };
/* End PBXFileReference section */

/* Begin PBXFrameworksBuildPhase section */
		27522ECB27970C2000C7874E /* Frameworks */ = {
			isa = PBXFrameworksBuildPhase;
			buildActionMask = 2147483647;
			files = (
				27540B652799D3BC00BA6416 /* Toast in Frameworks */,
				27540B602799C19F00BA6416 /* AnyFormatKit in Frameworks */,
				27CE5201279D58CE00972D3E /* JGProgressHUD in Frameworks */,
				27522EFB279717AB00C7874E /* IQKeyboardManagerSwift in Frameworks */,
				27522EF62797178B00C7874E /* RxCocoa in Frameworks */,
				27522EF02797173100C7874E /* SnapKit in Frameworks */,
				27522EF82797178B00C7874E /* RxSwift in Frameworks */,
				27522EF32797176200C7874E /* Alamofire in Frameworks */,
				27540B5B2799578D00BA6416 /* SkyFloatingLabelTextField in Frameworks */,
				27D19AB3279CA1BD0001CFFE /* SwiftyJSON in Frameworks */,
				A6E83BCE4923A7B7FEB5CF38 /* Pods_SeSAC_Friends.framework in Frameworks */,
			);
			runOnlyForDeploymentPostprocessing = 0;
		};
/* End PBXFrameworksBuildPhase section */

/* Begin PBXGroup section */
		27522EC527970C2000C7874E = {
			isa = PBXGroup;
			children = (
				27522ED027970C2000C7874E /* SeSAC_Friends */,
				27522ECF27970C2000C7874E /* Products */,
				5C3BA40D56C500E9EEDAA49A /* Pods */,
				7F1BA90A59D8FCB6854AB765 /* Frameworks */,
			);
			sourceTree = "<group>";
		};
		27522ECF27970C2000C7874E /* Products */ = {
			isa = PBXGroup;
			children = (
				27522ECE27970C2000C7874E /* SeSAC_Friends.app */,
			);
			name = Products;
			sourceTree = "<group>";
		};
		27522ED027970C2000C7874E /* SeSAC_Friends */ = {
			isa = PBXGroup;
			children = (
				2757905F279DC53500B845D8 /* Authentication */,
				27522EE7279710B000C7874E /* SupportFiles */,
				27CE5204279DA63F00972D3E /* SignUp */,
				27540B662799D53200BA6416 /* CustomUI */,
				27522EE6279710A200C7874E /* Utils */,
				27522EE52797109600C7874E /* Extensions */,
				27522EDC27970C2300C7874E /* LaunchScreen.storyboard */,
				27D19AA9279C71ED0001CFFE /* ServerService.swift */,
				27D19AAB279C73760001CFFE /* Model.swift */,
				2782D94B279AFD4A00369B68 /* HomeViewController.swift */,
				27D735B627A4797D00300E8C /* ShopViewController.swift */,
				27D735B827A479A400300E8C /* FriendsViewController.swift */,
				27D735BA27A479D600300E8C /* MyInformationViewController.swift */,
				27D735FA27A9844200300E8C /* MyInformationManagementViewController.swift */,
				27D735B427A4788800300E8C /* TabBarController.swift */,
			);
			path = SeSAC_Friends;
			sourceTree = "<group>";
		};
		27522EE52797109600C7874E /* Extensions */ = {
			isa = PBXGroup;
			children = (
				27522EFF2797253B00C7874E /* UIColor+Extension.swift */,
				27522F0127972F9600C7874E /* UIFont+Extension.swift */,
				27540B542797F1F900BA6416 /* CALayer+Extension.swift */,
				27540B612799C31F00BA6416 /* UITextField+Extension.swift */,
				27540B692799EB3B00BA6416 /* UINavigationController+Extension.swift */,
				27D19AAF279C797F0001CFFE /* Bundle+Extension.swift */,
				27579060279EBABE00B845D8 /* DateFormatter.swift */,
				273A32A227A08AD900FB0B0E /* Date+Extension.swift */,
			);
			path = Extensions;
			sourceTree = "<group>";
		};
		27522EE6279710A200C7874E /* Utils */ = {
			isa = PBXGroup;
			children = (
				27540B5C27997B5600BA6416 /* Exception.swift */,
				2757905D279DC2E400B845D8 /* UserDefault.swift */,
				2788B9F627A06DA1007472D5 /* Constants.swift */,
			);
			path = Utils;
			sourceTree = "<group>";
		};
		27522EE7279710B000C7874E /* SupportFiles */ = {
			isa = PBXGroup;
			children = (
				27522EE92797110A00C7874E /* Images */,
				27522EE82797110100C7874E /* Fonts */,
				27522ED127970C2000C7874E /* AppDelegate.swift */,
				27522ED327970C2000C7874E /* SceneDelegate.swift */,
				27522EDA27970C2300C7874E /* Assets.xcassets */,
				27522EDF27970C2300C7874E /* Info.plist */,
				279F1984279B253C001AAC15 /* GoogleService-Info.plist */,
				27D19AAD279C788F0001CFFE /* BaseURLInfo.plist */,
			);
			path = SupportFiles;
			sourceTree = "<group>";
		};
		27522EE82797110100C7874E /* Fonts */ = {
			isa = PBXGroup;
			children = (
				27522F04279731AB00C7874E /* NotoSansCJKkr-Medium.otf */,
				27522F03279731AA00C7874E /* NotoSansCJKkr-Regular.otf */,
			);
			path = Fonts;
			sourceTree = "<group>";
		};
		27522EE92797110A00C7874E /* Images */ = {
			isa = PBXGroup;
			children = (
				27D735C427A681EB00300E8C /* splash_logo.png */,
				27D735C627A6825100300E8C /* splash_text.png */,
			);
			path = Images;
			sourceTree = "<group>";
		};
		27540B662799D53200BA6416 /* CustomUI */ = {
			isa = PBXGroup;
			children = (
				27CBE4652797448F008290BE /* CustomButtons.swift */,
				27540B522797ED7200BA6416 /* CustomTextFields.swift */,
				27522EEC279716E200C7874E /* BaseViewController.swift */,
			);
			path = CustomUI;
			sourceTree = "<group>";
		};
		2757905F279DC53500B845D8 /* Authentication */ = {
			isa = PBXGroup;
			children = (
				27522EEA2797160D00C7874E /* PhoneAuthViewController.swift */,
				27540B672799D86100BA6416 /* MessageAuthViewController.swift */,
			);
			path = Authentication;
			sourceTree = "<group>";
		};
		27CE5204279DA63F00972D3E /* SignUp */ = {
			isa = PBXGroup;
			children = (
				27CE5202279D5EB000972D3E /* NickNameViewController.swift */,
				27CE5205279DA66D00972D3E /* BirthViewController.swift */,
				27CE5207279DA67B00972D3E /* EmailViewController.swift */,
				27CE5209279DA68C00972D3E /* GenderViewController.swift */,
			);
			path = SignUp;
			sourceTree = "<group>";
		};
		5C3BA40D56C500E9EEDAA49A /* Pods */ = {
			isa = PBXGroup;
			children = (
				A78E6C0363EE460721ED57A4 /* Pods-SeSAC_Friends.debug.xcconfig */,
				275A99383C1CC719AF68D849 /* Pods-SeSAC_Friends.release.xcconfig */,
			);
			path = Pods;
			sourceTree = "<group>";
		};
		7F1BA90A59D8FCB6854AB765 /* Frameworks */ = {
			isa = PBXGroup;
			children = (
				8678C6833A190C98A8DDB6E3 /* Pods_SeSAC_Friends.framework */,
			);
			name = Frameworks;
			sourceTree = "<group>";
		};
/* End PBXGroup section */

/* Begin PBXNativeTarget section */
		27522ECD27970C2000C7874E /* SeSAC_Friends */ = {
			isa = PBXNativeTarget;
			buildConfigurationList = 27522EE227970C2300C7874E /* Build configuration list for PBXNativeTarget "SeSAC_Friends" */;
			buildPhases = (
				C67FABC8FE128FFAB1D8986E /* [CP] Check Pods Manifest.lock */,
				27522ECA27970C2000C7874E /* Sources */,
				27522ECB27970C2000C7874E /* Frameworks */,
				27522ECC27970C2000C7874E /* Resources */,
				7C83701A63A215BD0CA2D7D2 /* [CP] Embed Pods Frameworks */,
			);
			buildRules = (
			);
			dependencies = (
			);
			name = SeSAC_Friends;
			packageProductDependencies = (
				27522EEF2797173100C7874E /* SnapKit */,
				27522EF22797176200C7874E /* Alamofire */,
				27522EF52797178B00C7874E /* RxCocoa */,
				27522EF72797178B00C7874E /* RxSwift */,
				27522EFA279717AB00C7874E /* IQKeyboardManagerSwift */,
				27540B5A2799578D00BA6416 /* SkyFloatingLabelTextField */,
				27540B5F2799C19F00BA6416 /* AnyFormatKit */,
				27540B642799D3BC00BA6416 /* Toast */,
				27D19AB2279CA1BD0001CFFE /* SwiftyJSON */,
				27CE5200279D58CE00972D3E /* JGProgressHUD */,
			);
			productName = SeSAC_Friends;
			productReference = 27522ECE27970C2000C7874E /* SeSAC_Friends.app */;
			productType = "com.apple.product-type.application";
		};
/* End PBXNativeTarget section */

/* Begin PBXProject section */
		27522EC627970C2000C7874E /* Project object */ = {
			isa = PBXProject;
			attributes = {
				BuildIndependentTargetsInParallel = 1;
				LastSwiftUpdateCheck = 1310;
				LastUpgradeCheck = 1310;
				TargetAttributes = {
					27522ECD27970C2000C7874E = {
						CreatedOnToolsVersion = 13.1;
					};
				};
			};
			buildConfigurationList = 27522EC927970C2000C7874E /* Build configuration list for PBXProject "SeSAC_Friends" */;
			compatibilityVersion = "Xcode 13.0";
			developmentRegion = en;
			hasScannedForEncodings = 0;
			knownRegions = (
				en,
				Base,
			);
			mainGroup = 27522EC527970C2000C7874E;
			packageReferences = (
				27522EEE2797173100C7874E /* XCRemoteSwiftPackageReference "SnapKit" */,
				27522EF12797176200C7874E /* XCRemoteSwiftPackageReference "Alamofire" */,
				27522EF42797178B00C7874E /* XCRemoteSwiftPackageReference "RxSwift" */,
				27522EF9279717AB00C7874E /* XCRemoteSwiftPackageReference "IQKeyboardManager" */,
				27540B592799578D00BA6416 /* XCRemoteSwiftPackageReference "SkyFloatingLabelTextField" */,
				27540B5E2799C19F00BA6416 /* XCRemoteSwiftPackageReference "AnyFormatKit" */,
				27540B632799D3BC00BA6416 /* XCRemoteSwiftPackageReference "Toast-Swift" */,
				27D19AB1279CA1BD0001CFFE /* XCRemoteSwiftPackageReference "SwiftyJSON" */,
				27CE51FF279D58CE00972D3E /* XCRemoteSwiftPackageReference "JGProgressHUD" */,
			);
			productRefGroup = 27522ECF27970C2000C7874E /* Products */;
			projectDirPath = "";
			projectRoot = "";
			targets = (
				27522ECD27970C2000C7874E /* SeSAC_Friends */,
			);
		};
/* End PBXProject section */

/* Begin PBXResourcesBuildPhase section */
		27522ECC27970C2000C7874E /* Resources */ = {
			isa = PBXResourcesBuildPhase;
			buildActionMask = 2147483647;
			files = (
				27522EDE27970C2300C7874E /* LaunchScreen.storyboard in Resources */,
				27D19AAE279C788F0001CFFE /* BaseURLInfo.plist in Resources */,
				27522F05279731AC00C7874E /* NotoSansCJKkr-Regular.otf in Resources */,
				27D735C527A681EB00300E8C /* splash_logo.png in Resources */,
				279F1985279B253C001AAC15 /* GoogleService-Info.plist in Resources */,
				27522EDB27970C2300C7874E /* Assets.xcassets in Resources */,
				27522F06279731AC00C7874E /* NotoSansCJKkr-Medium.otf in Resources */,
				27D735C727A6825100300E8C /* splash_text.png in Resources */,
			);
			runOnlyForDeploymentPostprocessing = 0;
		};
/* End PBXResourcesBuildPhase section */

/* Begin PBXShellScriptBuildPhase section */
		7C83701A63A215BD0CA2D7D2 /* [CP] Embed Pods Frameworks */ = {
			isa = PBXShellScriptBuildPhase;
			buildActionMask = 2147483647;
			files = (
			);
			inputFileListPaths = (
				"${PODS_ROOT}/Target Support Files/Pods-SeSAC_Friends/Pods-SeSAC_Friends-frameworks-${CONFIGURATION}-input-files.xcfilelist",
			);
			name = "[CP] Embed Pods Frameworks";
			outputFileListPaths = (
				"${PODS_ROOT}/Target Support Files/Pods-SeSAC_Friends/Pods-SeSAC_Friends-frameworks-${CONFIGURATION}-output-files.xcfilelist",
			);
			runOnlyForDeploymentPostprocessing = 0;
			shellPath = /bin/sh;
			shellScript = "\"${PODS_ROOT}/Target Support Files/Pods-SeSAC_Friends/Pods-SeSAC_Friends-frameworks.sh\"\n";
			showEnvVarsInLog = 0;
		};
		C67FABC8FE128FFAB1D8986E /* [CP] Check Pods Manifest.lock */ = {
			isa = PBXShellScriptBuildPhase;
			buildActionMask = 2147483647;
			files = (
			);
			inputFileListPaths = (
			);
			inputPaths = (
				"${PODS_PODFILE_DIR_PATH}/Podfile.lock",
				"${PODS_ROOT}/Manifest.lock",
			);
			name = "[CP] Check Pods Manifest.lock";
			outputFileListPaths = (
			);
			outputPaths = (
				"$(DERIVED_FILE_DIR)/Pods-SeSAC_Friends-checkManifestLockResult.txt",
			);
			runOnlyForDeploymentPostprocessing = 0;
			shellPath = /bin/sh;
			shellScript = "diff \"${PODS_PODFILE_DIR_PATH}/Podfile.lock\" \"${PODS_ROOT}/Manifest.lock\" > /dev/null\nif [ $? != 0 ] ; then\n    # print error to STDERR\n    echo \"error: The sandbox is not in sync with the Podfile.lock. Run 'pod install' or update your CocoaPods installation.\" >&2\n    exit 1\nfi\n# This output is used by Xcode 'outputs' to avoid re-running this script phase.\necho \"SUCCESS\" > \"${SCRIPT_OUTPUT_FILE_0}\"\n";
			showEnvVarsInLog = 0;
		};
/* End PBXShellScriptBuildPhase section */

/* Begin PBXSourcesBuildPhase section */
		27522ECA27970C2000C7874E /* Sources */ = {
			isa = PBXSourcesBuildPhase;
			buildActionMask = 2147483647;
			files = (
				273A32A327A08AD900FB0B0E /* Date+Extension.swift in Sources */,
				27D735B527A4788800300E8C /* TabBarController.swift in Sources */,
				27540B682799D86100BA6416 /* MessageAuthViewController.swift in Sources */,
				27D19AB0279C79800001CFFE /* Bundle+Extension.swift in Sources */,
				27D735B927A479A400300E8C /* FriendsViewController.swift in Sources */,
				27540B532797ED7200BA6416 /* CustomTextFields.swift in Sources */,
				27540B5D27997B5600BA6416 /* Exception.swift in Sources */,
				27522F0227972F9600C7874E /* UIFont+Extension.swift in Sources */,
				27540B552797F1F900BA6416 /* CALayer+Extension.swift in Sources */,
				27CE520A279DA68C00972D3E /* GenderViewController.swift in Sources */,
				27579061279EBABE00B845D8 /* DateFormatter.swift in Sources */,
				2782D94C279AFD4A00369B68 /* HomeViewController.swift in Sources */,
				27522ED227970C2000C7874E /* AppDelegate.swift in Sources */,
				27D19AAC279C73760001CFFE /* Model.swift in Sources */,
				27540B6A2799EB3B00BA6416 /* UINavigationController+Extension.swift in Sources */,
				27CE5203279D5EB000972D3E /* NickNameViewController.swift in Sources */,
				27522ED427970C2000C7874E /* SceneDelegate.swift in Sources */,
				27540B622799C31F00BA6416 /* UITextField+Extension.swift in Sources */,
				27D735BB27A479D600300E8C /* MyInformationViewController.swift in Sources */,
				2757905E279DC2E400B845D8 /* UserDefault.swift in Sources */,
				27522EEB2797160D00C7874E /* PhoneAuthViewController.swift in Sources */,
				27D19AAA279C71ED0001CFFE /* ServerService.swift in Sources */,
				27D735B727A4797D00300E8C /* ShopViewController.swift in Sources */,
				27CBE4662797448F008290BE /* CustomButtons.swift in Sources */,
				27522EED279716E200C7874E /* BaseViewController.swift in Sources */,
				27CE5206279DA66E00972D3E /* BirthViewController.swift in Sources */,
				27D735FB27A9844300300E8C /* MyInformationManagementViewController.swift in Sources */,
				27522F002797253B00C7874E /* UIColor+Extension.swift in Sources */,
				27CE5208279DA67B00972D3E /* EmailViewController.swift in Sources */,
				2788B9F727A06DA1007472D5 /* Constants.swift in Sources */,
			);
			runOnlyForDeploymentPostprocessing = 0;
		};
/* End PBXSourcesBuildPhase section */

/* Begin PBXVariantGroup section */
		27522EDC27970C2300C7874E /* LaunchScreen.storyboard */ = {
			isa = PBXVariantGroup;
			children = (
				27522EDD27970C2300C7874E /* Base */,
			);
			name = LaunchScreen.storyboard;
			sourceTree = "<group>";
		};
/* End PBXVariantGroup section */

/* Begin XCBuildConfiguration section */
		27522EE027970C2300C7874E /* Debug */ = {
			isa = XCBuildConfiguration;
			buildSettings = {
				ALWAYS_SEARCH_USER_PATHS = NO;
				CLANG_ANALYZER_NONNULL = YES;
				CLANG_ANALYZER_NUMBER_OBJECT_CONVERSION = YES_AGGRESSIVE;
				CLANG_CXX_LANGUAGE_STANDARD = "gnu++17";
				CLANG_CXX_LIBRARY = "libc++";
				CLANG_ENABLE_MODULES = YES;
				CLANG_ENABLE_OBJC_ARC = YES;
				CLANG_ENABLE_OBJC_WEAK = YES;
				CLANG_WARN_BLOCK_CAPTURE_AUTORELEASING = YES;
				CLANG_WARN_BOOL_CONVERSION = YES;
				CLANG_WARN_COMMA = YES;
				CLANG_WARN_CONSTANT_CONVERSION = YES;
				CLANG_WARN_DEPRECATED_OBJC_IMPLEMENTATIONS = YES;
				CLANG_WARN_DIRECT_OBJC_ISA_USAGE = YES_ERROR;
				CLANG_WARN_DOCUMENTATION_COMMENTS = YES;
				CLANG_WARN_EMPTY_BODY = YES;
				CLANG_WARN_ENUM_CONVERSION = YES;
				CLANG_WARN_INFINITE_RECURSION = YES;
				CLANG_WARN_INT_CONVERSION = YES;
				CLANG_WARN_NON_LITERAL_NULL_CONVERSION = YES;
				CLANG_WARN_OBJC_IMPLICIT_RETAIN_SELF = YES;
				CLANG_WARN_OBJC_LITERAL_CONVERSION = YES;
				CLANG_WARN_OBJC_ROOT_CLASS = YES_ERROR;
				CLANG_WARN_QUOTED_INCLUDE_IN_FRAMEWORK_HEADER = YES;
				CLANG_WARN_RANGE_LOOP_ANALYSIS = YES;
				CLANG_WARN_STRICT_PROTOTYPES = YES;
				CLANG_WARN_SUSPICIOUS_MOVE = YES;
				CLANG_WARN_UNGUARDED_AVAILABILITY = YES_AGGRESSIVE;
				CLANG_WARN_UNREACHABLE_CODE = YES;
				CLANG_WARN__DUPLICATE_METHOD_MATCH = YES;
				COPY_PHASE_STRIP = NO;
				DEBUG_INFORMATION_FORMAT = dwarf;
				ENABLE_STRICT_OBJC_MSGSEND = YES;
				ENABLE_TESTABILITY = YES;
				GCC_C_LANGUAGE_STANDARD = gnu11;
				GCC_DYNAMIC_NO_PIC = NO;
				GCC_NO_COMMON_BLOCKS = YES;
				GCC_OPTIMIZATION_LEVEL = 0;
				GCC_PREPROCESSOR_DEFINITIONS = (
					"DEBUG=1",
					"$(inherited)",
				);
				GCC_WARN_64_TO_32_BIT_CONVERSION = YES;
				GCC_WARN_ABOUT_RETURN_TYPE = YES_ERROR;
				GCC_WARN_UNDECLARED_SELECTOR = YES;
				GCC_WARN_UNINITIALIZED_AUTOS = YES_AGGRESSIVE;
				GCC_WARN_UNUSED_FUNCTION = YES;
				GCC_WARN_UNUSED_VARIABLE = YES;
				IPHONEOS_DEPLOYMENT_TARGET = 15.0;
				MTL_ENABLE_DEBUG_INFO = INCLUDE_SOURCE;
				MTL_FAST_MATH = YES;
				ONLY_ACTIVE_ARCH = YES;
				SDKROOT = iphoneos;
				SWIFT_ACTIVE_COMPILATION_CONDITIONS = DEBUG;
				SWIFT_OPTIMIZATION_LEVEL = "-Onone";
			};
			name = Debug;
		};
		27522EE127970C2300C7874E /* Release */ = {
			isa = XCBuildConfiguration;
			buildSettings = {
				ALWAYS_SEARCH_USER_PATHS = NO;
				CLANG_ANALYZER_NONNULL = YES;
				CLANG_ANALYZER_NUMBER_OBJECT_CONVERSION = YES_AGGRESSIVE;
				CLANG_CXX_LANGUAGE_STANDARD = "gnu++17";
				CLANG_CXX_LIBRARY = "libc++";
				CLANG_ENABLE_MODULES = YES;
				CLANG_ENABLE_OBJC_ARC = YES;
				CLANG_ENABLE_OBJC_WEAK = YES;
				CLANG_WARN_BLOCK_CAPTURE_AUTORELEASING = YES;
				CLANG_WARN_BOOL_CONVERSION = YES;
				CLANG_WARN_COMMA = YES;
				CLANG_WARN_CONSTANT_CONVERSION = YES;
				CLANG_WARN_DEPRECATED_OBJC_IMPLEMENTATIONS = YES;
				CLANG_WARN_DIRECT_OBJC_ISA_USAGE = YES_ERROR;
				CLANG_WARN_DOCUMENTATION_COMMENTS = YES;
				CLANG_WARN_EMPTY_BODY = YES;
				CLANG_WARN_ENUM_CONVERSION = YES;
				CLANG_WARN_INFINITE_RECURSION = YES;
				CLANG_WARN_INT_CONVERSION = YES;
				CLANG_WARN_NON_LITERAL_NULL_CONVERSION = YES;
				CLANG_WARN_OBJC_IMPLICIT_RETAIN_SELF = YES;
				CLANG_WARN_OBJC_LITERAL_CONVERSION = YES;
				CLANG_WARN_OBJC_ROOT_CLASS = YES_ERROR;
				CLANG_WARN_QUOTED_INCLUDE_IN_FRAMEWORK_HEADER = YES;
				CLANG_WARN_RANGE_LOOP_ANALYSIS = YES;
				CLANG_WARN_STRICT_PROTOTYPES = YES;
				CLANG_WARN_SUSPICIOUS_MOVE = YES;
				CLANG_WARN_UNGUARDED_AVAILABILITY = YES_AGGRESSIVE;
				CLANG_WARN_UNREACHABLE_CODE = YES;
				CLANG_WARN__DUPLICATE_METHOD_MATCH = YES;
				COPY_PHASE_STRIP = NO;
				DEBUG_INFORMATION_FORMAT = "dwarf-with-dsym";
				ENABLE_NS_ASSERTIONS = NO;
				ENABLE_STRICT_OBJC_MSGSEND = YES;
				GCC_C_LANGUAGE_STANDARD = gnu11;
				GCC_NO_COMMON_BLOCKS = YES;
				GCC_WARN_64_TO_32_BIT_CONVERSION = YES;
				GCC_WARN_ABOUT_RETURN_TYPE = YES_ERROR;
				GCC_WARN_UNDECLARED_SELECTOR = YES;
				GCC_WARN_UNINITIALIZED_AUTOS = YES_AGGRESSIVE;
				GCC_WARN_UNUSED_FUNCTION = YES;
				GCC_WARN_UNUSED_VARIABLE = YES;
				IPHONEOS_DEPLOYMENT_TARGET = 15.0;
				MTL_ENABLE_DEBUG_INFO = NO;
				MTL_FAST_MATH = YES;
				SDKROOT = iphoneos;
				SWIFT_COMPILATION_MODE = wholemodule;
				SWIFT_OPTIMIZATION_LEVEL = "-O";
				VALIDATE_PRODUCT = YES;
			};
			name = Release;
		};
		27522EE327970C2300C7874E /* Debug */ = {
			isa = XCBuildConfiguration;
			baseConfigurationReference = A78E6C0363EE460721ED57A4 /* Pods-SeSAC_Friends.debug.xcconfig */;
			buildSettings = {
				ASSETCATALOG_COMPILER_APPICON_NAME = AppIcon;
				ASSETCATALOG_COMPILER_GLOBAL_ACCENT_COLOR_NAME = AccentColor;
				CODE_SIGN_STYLE = Automatic;
				CURRENT_PROJECT_VERSION = 1;
				DEVELOPMENT_TEAM = 2EZ5QWFYX2;
				GENERATE_INFOPLIST_FILE = YES;
				INFOPLIST_FILE = SeSAC_Friends/SupportFiles/Info.plist;
				INFOPLIST_KEY_CFBundleDisplayName = "새싹친구";
				INFOPLIST_KEY_UIApplicationSupportsIndirectInputEvents = YES;
				INFOPLIST_KEY_UILaunchStoryboardName = LaunchScreen;
				INFOPLIST_KEY_UISupportedInterfaceOrientations_iPad = "UIInterfaceOrientationPortrait UIInterfaceOrientationPortraitUpsideDown UIInterfaceOrientationLandscapeLeft UIInterfaceOrientationLandscapeRight";
				INFOPLIST_KEY_UISupportedInterfaceOrientations_iPhone = "UIInterfaceOrientationPortrait UIInterfaceOrientationLandscapeLeft UIInterfaceOrientationLandscapeRight";
				IPHONEOS_DEPLOYMENT_TARGET = 13.0;
				LD_RUNPATH_SEARCH_PATHS = (
					"$(inherited)",
					"@executable_path/Frameworks",
				);
				MARKETING_VERSION = 1.0;
				PRODUCT_BUNDLE_IDENTIFIER = com.memolease.sesac1;
				PRODUCT_NAME = "$(TARGET_NAME)";
				SWIFT_EMIT_LOC_STRINGS = YES;
				SWIFT_VERSION = 5.0;
				TARGETED_DEVICE_FAMILY = 1;
			};
			name = Debug;
		};
		27522EE427970C2300C7874E /* Release */ = {
			isa = XCBuildConfiguration;
			baseConfigurationReference = 275A99383C1CC719AF68D849 /* Pods-SeSAC_Friends.release.xcconfig */;
			buildSettings = {
				ASSETCATALOG_COMPILER_APPICON_NAME = AppIcon;
				ASSETCATALOG_COMPILER_GLOBAL_ACCENT_COLOR_NAME = AccentColor;
				CODE_SIGN_STYLE = Automatic;
				CURRENT_PROJECT_VERSION = 1;
				DEVELOPMENT_TEAM = 2EZ5QWFYX2;
				GENERATE_INFOPLIST_FILE = YES;
				INFOPLIST_FILE = SeSAC_Friends/SupportFiles/Info.plist;
				INFOPLIST_KEY_CFBundleDisplayName = "새싹친구";
				INFOPLIST_KEY_UIApplicationSupportsIndirectInputEvents = YES;
				INFOPLIST_KEY_UILaunchStoryboardName = LaunchScreen;
				INFOPLIST_KEY_UISupportedInterfaceOrientations_iPad = "UIInterfaceOrientationPortrait UIInterfaceOrientationPortraitUpsideDown UIInterfaceOrientationLandscapeLeft UIInterfaceOrientationLandscapeRight";
				INFOPLIST_KEY_UISupportedInterfaceOrientations_iPhone = "UIInterfaceOrientationPortrait UIInterfaceOrientationLandscapeLeft UIInterfaceOrientationLandscapeRight";
				IPHONEOS_DEPLOYMENT_TARGET = 13.0;
				LD_RUNPATH_SEARCH_PATHS = (
					"$(inherited)",
					"@executable_path/Frameworks",
				);
				MARKETING_VERSION = 1.0;
				PRODUCT_BUNDLE_IDENTIFIER = com.memolease.sesac1;
				PRODUCT_NAME = "$(TARGET_NAME)";
				SWIFT_EMIT_LOC_STRINGS = YES;
				SWIFT_VERSION = 5.0;
				TARGETED_DEVICE_FAMILY = 1;
			};
			name = Release;
		};
/* End XCBuildConfiguration section */

/* Begin XCConfigurationList section */
		27522EC927970C2000C7874E /* Build configuration list for PBXProject "SeSAC_Friends" */ = {
			isa = XCConfigurationList;
			buildConfigurations = (
				27522EE027970C2300C7874E /* Debug */,
				27522EE127970C2300C7874E /* Release */,
			);
			defaultConfigurationIsVisible = 0;
			defaultConfigurationName = Release;
		};
		27522EE227970C2300C7874E /* Build configuration list for PBXNativeTarget "SeSAC_Friends" */ = {
			isa = XCConfigurationList;
			buildConfigurations = (
				27522EE327970C2300C7874E /* Debug */,
				27522EE427970C2300C7874E /* Release */,
			);
			defaultConfigurationIsVisible = 0;
			defaultConfigurationName = Release;
		};
/* End XCConfigurationList section */

/* Begin XCRemoteSwiftPackageReference section */
		27522EEE2797173100C7874E /* XCRemoteSwiftPackageReference "SnapKit" */ = {
			isa = XCRemoteSwiftPackageReference;
			repositoryURL = "https://github.com/SnapKit/SnapKit.git";
			requirement = {
				kind = upToNextMajorVersion;
				minimumVersion = 5.0.0;
			};
		};
		27522EF12797176200C7874E /* XCRemoteSwiftPackageReference "Alamofire" */ = {
			isa = XCRemoteSwiftPackageReference;
			repositoryURL = "https://github.com/Alamofire/Alamofire.git";
			requirement = {
				kind = upToNextMajorVersion;
				minimumVersion = 5.0.0;
			};
		};
		27522EF42797178B00C7874E /* XCRemoteSwiftPackageReference "RxSwift" */ = {
			isa = XCRemoteSwiftPackageReference;
			repositoryURL = "https://github.com/ReactiveX/RxSwift.git";
			requirement = {
				kind = upToNextMajorVersion;
				minimumVersion = 6.0.0;
			};
		};
		27522EF9279717AB00C7874E /* XCRemoteSwiftPackageReference "IQKeyboardManager" */ = {
			isa = XCRemoteSwiftPackageReference;
			repositoryURL = "https://github.com/hackiftekhar/IQKeyboardManager.git";
			requirement = {
				kind = upToNextMajorVersion;
				minimumVersion = 6.0.0;
			};
		};
		27540B592799578D00BA6416 /* XCRemoteSwiftPackageReference "SkyFloatingLabelTextField" */ = {
			isa = XCRemoteSwiftPackageReference;
			repositoryURL = "https://github.com/Skyscanner/SkyFloatingLabelTextField.git";
			requirement = {
				kind = exactVersion;
				version = 4.0.0;
			};
		};
		27540B5E2799C19F00BA6416 /* XCRemoteSwiftPackageReference "AnyFormatKit" */ = {
			isa = XCRemoteSwiftPackageReference;
			repositoryURL = "https://github.com/luximetr/AnyFormatKit.git";
			requirement = {
				kind = upToNextMajorVersion;
				minimumVersion = 2.0.0;
			};
		};
		27540B632799D3BC00BA6416 /* XCRemoteSwiftPackageReference "Toast-Swift" */ = {
			isa = XCRemoteSwiftPackageReference;
			repositoryURL = "https://github.com/scalessec/Toast-Swift.git";
			requirement = {
				kind = upToNextMajorVersion;
				minimumVersion = 5.0.0;
			};
		};
		27CE51FF279D58CE00972D3E /* XCRemoteSwiftPackageReference "JGProgressHUD" */ = {
			isa = XCRemoteSwiftPackageReference;
			repositoryURL = "https://github.com/JonasGessner/JGProgressHUD.git";
			requirement = {
				kind = upToNextMajorVersion;
				minimumVersion = 2.0.0;
			};
		};
		27D19AB1279CA1BD0001CFFE /* XCRemoteSwiftPackageReference "SwiftyJSON" */ = {
			isa = XCRemoteSwiftPackageReference;
			repositoryURL = "https://github.com/SwiftyJSON/SwiftyJSON.git";
			requirement = {
				kind = exactVersion;
				version = 5.0.0;
			};
		};
/* End XCRemoteSwiftPackageReference section */

/* Begin XCSwiftPackageProductDependency section */
		27522EEF2797173100C7874E /* SnapKit */ = {
			isa = XCSwiftPackageProductDependency;
			package = 27522EEE2797173100C7874E /* XCRemoteSwiftPackageReference "SnapKit" */;
			productName = SnapKit;
		};
		27522EF22797176200C7874E /* Alamofire */ = {
			isa = XCSwiftPackageProductDependency;
			package = 27522EF12797176200C7874E /* XCRemoteSwiftPackageReference "Alamofire" */;
			productName = Alamofire;
		};
		27522EF52797178B00C7874E /* RxCocoa */ = {
			isa = XCSwiftPackageProductDependency;
			package = 27522EF42797178B00C7874E /* XCRemoteSwiftPackageReference "RxSwift" */;
			productName = RxCocoa;
		};
		27522EF72797178B00C7874E /* RxSwift */ = {
			isa = XCSwiftPackageProductDependency;
			package = 27522EF42797178B00C7874E /* XCRemoteSwiftPackageReference "RxSwift" */;
			productName = RxSwift;
		};
		27522EFA279717AB00C7874E /* IQKeyboardManagerSwift */ = {
			isa = XCSwiftPackageProductDependency;
			package = 27522EF9279717AB00C7874E /* XCRemoteSwiftPackageReference "IQKeyboardManager" */;
			productName = IQKeyboardManagerSwift;
		};
		27540B5A2799578D00BA6416 /* SkyFloatingLabelTextField */ = {
			isa = XCSwiftPackageProductDependency;
			package = 27540B592799578D00BA6416 /* XCRemoteSwiftPackageReference "SkyFloatingLabelTextField" */;
			productName = SkyFloatingLabelTextField;
		};
		27540B5F2799C19F00BA6416 /* AnyFormatKit */ = {
			isa = XCSwiftPackageProductDependency;
			package = 27540B5E2799C19F00BA6416 /* XCRemoteSwiftPackageReference "AnyFormatKit" */;
			productName = AnyFormatKit;
		};
		27540B642799D3BC00BA6416 /* Toast */ = {
			isa = XCSwiftPackageProductDependency;
			package = 27540B632799D3BC00BA6416 /* XCRemoteSwiftPackageReference "Toast-Swift" */;
			productName = Toast;
		};
		27CE5200279D58CE00972D3E /* JGProgressHUD */ = {
			isa = XCSwiftPackageProductDependency;
			package = 27CE51FF279D58CE00972D3E /* XCRemoteSwiftPackageReference "JGProgressHUD" */;
			productName = JGProgressHUD;
		};
		27D19AB2279CA1BD0001CFFE /* SwiftyJSON */ = {
			isa = XCSwiftPackageProductDependency;
			package = 27D19AB1279CA1BD0001CFFE /* XCRemoteSwiftPackageReference "SwiftyJSON" */;
			productName = SwiftyJSON;
		};
/* End XCSwiftPackageProductDependency section */
	};
	rootObject = 27522EC627970C2000C7874E /* Project object */;
}
